
Microsoft Visual Studio Solution File, Format Version 12.00
# Visual Studio Version 17
VisualStudioVersion = 17.1.32228.430
MinimumVisualStudioVersion = 10.0.40219.1
Project("{9A19103F-16F7-4668-BE54-9A1E7A4F7556}") = "Backend", "BusinessLogic\Backend.csproj", "{98FDD928-B05C-4D1A-8A05-D6CF4E9780D1}"
EndProject
Project("{9A19103F-16F7-4668-BE54-9A1E7A4F7556}") = "BackendTest", "BusinessLogicTest\BackendTest.csproj", "{13C0BAE5-FF1D-403B-A69F-7F2EDECAA1BC}"
EndProject
Project("{54A90642-561A-4BB1-A94E-469ADEE60C69}") = "Frontend", "Frontend\Frontend.esproj", "{6D7A94A5-E099-4F8A-8DE0-74060C796E66}"
EndProject
Project("{2150E333-8FDC-42A3-9474-1A3956D46DE8}") = "Solution Items", "Solution Items", "{D5839AC8-B5CA-41F7-8861-A74C0DBB44B4}"
	ProjectSection(SolutionItems) = preProject
		README.md = README.md
	EndProjectSection
EndProject
Global
	GlobalSection(SolutionConfigurationPlatforms) = preSolution
		Debug|Any CPU = Debug|Any CPU
		Release|Any CPU = Release|Any CPU
	EndGlobalSection
	GlobalSection(ProjectConfigurationPlatforms) = postSolution
		{98FDD928-B05C-4D1A-8A05-D6CF4E9780D1}.Debug|Any CPU.ActiveCfg = Debug|Any CPU
		{98FDD928-B05C-4D1A-8A05-D6CF4E9780D1}.Debug|Any CPU.Build.0 = Debug|Any CPU
		{98FDD928-B05C-4D1A-8A05-D6CF4E9780D1}.Release|Any CPU.ActiveCfg = Release|Any CPU
		{98FDD928-B05C-4D1A-8A05-D6CF4E9780D1}.Release|Any CPU.Build.0 = Release|Any CPU
		{13C0BAE5-FF1D-403B-A69F-7F2EDECAA1BC}.Debug|Any CPU.ActiveCfg = Debug|Any CPU
		{13C0BAE5-FF1D-403B-A69F-7F2EDECAA1BC}.Debug|Any CPU.Build.0 = Debug|Any CPU
		{13C0BAE5-FF1D-403B-A69F-7F2EDECAA1BC}.Release|Any CPU.ActiveCfg = Release|Any CPU
		{13C0BAE5-FF1D-403B-A69F-7F2EDECAA1BC}.Release|Any CPU.Build.0 = Release|Any CPU
		{6D7A94A5-E099-4F8A-8DE0-74060C796E66}.Debug|Any CPU.ActiveCfg = Debug|Any CPU
		{6D7A94A5-E099-4F8A-8DE0-74060C796E66}.Debug|Any CPU.Build.0 = Debug|Any CPU
		{6D7A94A5-E099-4F8A-8DE0-74060C796E66}.Debug|Any CPU.Deploy.0 = Debug|Any CPU
		{6D7A94A5-E099-4F8A-8DE0-74060C796E66}.Release|Any CPU.ActiveCfg = Release|Any CPU
		{6D7A94A5-E099-4F8A-8DE0-74060C796E66}.Release|Any CPU.Build.0 = Release|Any CPU
		{6D7A94A5-E099-4F8A-8DE0-74060C796E66}.Release|Any CPU.Deploy.0 = Release|Any CPU
	EndGlobalSection
	GlobalSection(SolutionProperties) = preSolution
		HideSolutionNode = FALSE
	EndGlobalSection
	GlobalSection(ExtensibilityGlobals) = postSolution
		SolutionGuid = {69321560-81F7-4CFE-ADAA-BDBF8B1EB5E0}
	EndGlobalSection
EndGlobal
